
Microsoft Visual Studio Solution File, Format Version 12.00
# Visual Studio 15
VisualStudioVersion = 15.0.26730.12
MinimumVisualStudioVersion = 10.0.40219.1
Project("{FAE04EC0-301F-11D3-BF4B-00C04F79EFBC}") = "WBPA.WellKnownLocations", "src\WBPA.WellKnownLocations\WBPA.WellKnownLocations.csproj", "{33AB8E0D-A5AC-4E6A-BD87-298704B83F4C}"
EndProject
Global
	GlobalSection(SolutionConfigurationPlatforms) = preSolution
		Debug|Any CPU = Debug|Any CPU
		Release|Any CPU = Release|Any CPU
	EndGlobalSection
	GlobalSection(ProjectConfigurationPlatforms) = postSolution
		{33AB8E0D-A5AC-4E6A-BD87-298704B83F4C}.Debug|Any CPU.ActiveCfg = Debug|Any CPU
		{33AB8E0D-A5AC-4E6A-BD87-298704B83F4C}.Debug|Any CPU.Build.0 = Debug|Any CPU
		{33AB8E0D-A5AC-4E6A-BD87-298704B83F4C}.Release|Any CPU.ActiveCfg = Release|Any CPU
		{33AB8E0D-A5AC-4E6A-BD87-298704B83F4C}.Release|Any CPU.Build.0 = Release|Any CPU
	EndGlobalSection
	GlobalSection(SolutionProperties) = preSolution
		HideSolutionNode = FALSE
	EndGlobalSection
	GlobalSection(ExtensibilityGlobals) = postSolution
		SolutionGuid = {EC7363C7-90A0-4939-8F5C-1FB475D1C6B5}
	EndGlobalSection
EndGlobal
